{
  "version": 4,
  "terraform_version": "1.12.2",
  "serial": 269,
  "lineage": "fcc4e27c-4c15-546f-0d13-63d8db7b1d7e",
  "outputs": {
    "agency_name": {
      "value": "secmaster-agent",
      "type": "string"
    },
    "custom_policy_name": {
      "value": "secmaster-agent-policy",
      "type": "string"
    },
    "ecs_id": {
      "value": "13769042-61a1-454a-bf5c-5903206dd84d",
      "type": "string"
    },
    "ecs_name": {
      "value": "ecs-secmaster",
      "type": "string"
    },
    "eip_address": {
      "value": "119.8.85.123",
      "type": "string"
    },
    "security_group_id": {
      "value": "0a6483b1-05e5-4d2f-bf6b-ba06b8cdca77",
      "type": "string"
    },
    "vpcep_private_domain": {
      "value": "vpcep-98d5baee-4080-436f-8a80-9f161be0b1a8.sa-brazil-1.huaweicloud.com.",
      "type": "string"
    }
  },
  "resources": [
    {
      "mode": "data",
      "type": "huaweicloud_vpc",
      "name": "existing",
      "provider": "provider[\"registry.terraform.io/huaweicloud/huaweicloud\"]",
      "instances": [
        {
          "schema_version": 0,
          "attributes": {
            "cidr": "10.0.0.0/8",
            "description": "",
            "enterprise_project_id": "0",
            "id": "b3efc218-3ed1-4f93-b28e-8e799294ab12",
            "name": "vpc-teste11",
            "region": "sa-brazil-1",
            "routes": [],
            "secondary_cidrs": [],
            "status": "OK",
            "tags": {}
          },
          "sensitive_attributes": [],
          "identity_schema_version": 0
        }
      ]
    },
    {
      "mode": "data",
      "type": "huaweicloud_vpc_subnet",
      "name": "existing",
      "provider": "provider[\"registry.terraform.io/huaweicloud/huaweicloud\"]",
      "instances": [
        {
          "schema_version": 0,
          "attributes": {
            "availability_zone": "",
            "cidr": "10.0.0.0/24",
            "description": "",
            "dhcp_enable": true,
            "dns_list": [
              "100.125.1.22",
              "100.125.1.90"
            ],
            "gateway_ip": "10.0.0.1",
            "id": "499edbe4-6acb-4328-81a3-323786ccee55",
            "ipv4_subnet_id": "470ecc03-b4ca-4832-ac3c-b0f4ce80b730",
            "ipv6_cidr": "",
            "ipv6_enable": false,
            "ipv6_gateway": "",
            "ipv6_subnet_id": "",
            "name": "subnet-teste11",
            "primary_dns": "100.125.1.22",
            "region": "sa-brazil-1",
            "secondary_dns": "100.125.1.90",
            "status": "ACTIVE",
            "subnet_id": "470ecc03-b4ca-4832-ac3c-b0f4ce80b730",
            "vpc_id": "b3efc218-3ed1-4f93-b28e-8e799294ab12"
          },
          "sensitive_attributes": [],
          "identity_schema_version": 0
        }
      ]
    },
    {
      "mode": "managed",
      "type": "huaweicloud_compute_eip_associate",
      "name": "ecs_eip",
      "provider": "provider[\"registry.terraform.io/huaweicloud/huaweicloud\"]",
      "instances": [
        {
          "schema_version": 0,
          "attributes": {
            "bandwidth_id": null,
            "fixed_ip": "10.0.0.109",
            "id": "119.8.85.123/13769042-61a1-454a-bf5c-5903206dd84d/10.0.0.109",
            "instance_id": "13769042-61a1-454a-bf5c-5903206dd84d",
            "port_id": "327c8fb4-23c9-4c04-8439-c0792f5aeee4",
            "public_ip": "119.8.85.123",
            "region": "sa-brazil-1",
            "timeouts": null
          },
          "sensitive_attributes": [],
          "identity_schema_version": 0,
          "private": "eyJlMmJmYjczMC1lY2FhLTExZTYtOGY4OC0zNDM2M2JjN2M0YzAiOnsiY3JlYXRlIjo2MDAwMDAwMDAwMDB9fQ==",
          "dependencies": [
            "data.huaweicloud_vpc.existing",
            "data.huaweicloud_vpc_subnet.existing",
            "huaweicloud_compute_instance.ecs_secmaster",
            "huaweicloud_identity_agency.secmaster_agent",
            "huaweicloud_identity_role.secmaster_policy",
            "huaweicloud_networking_secgroup.ecs_secmaster",
            "huaweicloud_vpc_eip.ecs_eip"
          ]
        }
      ]
    },
    {
      "mode": "managed",
      "type": "huaweicloud_compute_instance",
      "name": "ecs_secmaster",
      "provider": "provider[\"registry.terraform.io/huaweicloud/huaweicloud\"]",
      "instances": [
        {
          "schema_version": 0,
          "attributes": {
            "access_ip_v4": "10.0.0.109",
            "access_ip_v6": "",
            "admin_pass": "huawei123@",
            "agency_name": "secmaster-agent",
            "agent_list": "",
            "auto_pay": null,
            "auto_renew": null,
            "auto_terminate_time": "",
            "availability_zone": "sa-brazil-1a",
            "bandwidth": [],
            "charging_mode": "postPaid",
            "created_at": "2026-05-03T00:17:53Z",
            "data_disks": [
              {
                "data_image_id": "",
                "delete_on_termination": "",
                "dss_pool_id": "",
                "iops": 0,
                "kms_key_id": "",
                "pass_through": "",
                "size": 110,
                "snapshot_id": "",
                "throughput": 0,
                "type": "SAS"
              }
            ],
            "delete_disks_on_termination": null,
            "delete_eip_on_termination": true,
            "description": "",
            "eip_id": null,
            "eip_type": null,
            "enable_jumbo_frame": null,
            "enclave_options": [
              {
                "enabled": false
              }
            ],
            "enterprise_project_id": "0",
            "expired_time": null,
            "flavor_id": "x1.4u.8g",
            "flavor_name": "x1.4u.8g",
            "hostname": "ecs-secmaster",
            "id": "13769042-61a1-454a-bf5c-5903206dd84d",
            "image_id": "a64fbc6f-c62f-4d0f-b2fc-ee9a41efb3f1",
            "image_name": "Huawei Cloud EulerOS 2.0 Standard 64 bit",
            "include_data_disks_on_update": null,
            "include_publicips_on_update": null,
            "key_pair": null,
            "metadata": null,
            "name": "ecs-secmaster",
            "network": [
              {
                "access_network": false,
                "fixed_ip_v4": "10.0.0.109",
                "fixed_ip_v6": "",
                "ipv6_enable": false,
                "mac": "fa:16:8e:12:12:7f",
                "port": "327c8fb4-23c9-4c04-8439-c0792f5aeee4",
                "source_dest_check": true,
                "uuid": "499edbe4-6acb-4328-81a3-323786ccee55"
              }
            ],
            "period": null,
            "period_unit": null,
            "power_action": null,
            "private_key": null,
            "public_ip": "",
            "region": "sa-brazil-1",
            "scheduler_hints": [],
            "security_group_ids": [
              "0a6483b1-05e5-4d2f-bf6b-ba06b8cdca77"
            ],
            "security_groups": [
              "sg-ecs-secmaster-01"
            ],
            "spot_duration": null,
            "spot_duration_count": null,
            "spot_maximum_price": null,
            "status": "ACTIVE",
            "stop_before_destroy": false,
            "system_disk_dss_pool_id": null,
            "system_disk_id": "e98c5b92-f76e-4aac-9d62-e63ff485e490",
            "system_disk_iops": 0,
            "system_disk_kms_key_id": "",
            "system_disk_size": 50,
            "system_disk_throughput": 0,
            "system_disk_type": "SAS",
            "system_pass_through": null,
            "tags": {
              "_sys_type_hcss_x": ""
            },
            "timeouts": null,
            "updated_at": "2026-05-03T00:18:11Z",
            "user_data": null,
            "user_id": null,
            "volume_attached": [
              {
                "boot_index": 0,
                "data_image_id": "a64fbc6f-c62f-4d0f-b2fc-ee9a41efb3f1",
                "delete_on_termination": "true",
                "kms_key_id": "",
                "pass_through": "",
                "pci_address": "0000:02:01.0",
                "size": 50,
                "type": "SAS",
                "volume_id": "e98c5b92-f76e-4aac-9d62-e63ff485e490"
              },
              {
                "boot_index": -1,
                "data_image_id": "",
                "delete_on_termination": "false",
                "kms_key_id": "",
                "pass_through": "",
                "pci_address": "0000:02:02.0",
                "size": 110,
                "type": "SAS",
                "volume_id": "81a56f0f-f801-40fc-b290-9d89d59bd594"
              }
            ]
          },
          "sensitive_attributes": [
            [
              {
                "type": "get_attr",
                "value": "admin_pass"
              }
            ],
            [
              {
                "type": "get_attr",
                "value": "private_key"
              }
            ]
          ],
          "identity_schema_version": 0,
          "private": "eyJlMmJmYjczMC1lY2FhLTExZTYtOGY4OC0zNDM2M2JjN2M0YzAiOnsiY3JlYXRlIjoxODAwMDAwMDAwMDAwLCJkZWxldGUiOjE4MDAwMDAwMDAwMDAsInVwZGF0ZSI6MTgwMDAwMDAwMDAwMH19",
          "dependencies": [
            "data.huaweicloud_vpc.existing",
            "data.huaweicloud_vpc_subnet.existing",
            "huaweicloud_identity_agency.secmaster_agent",
            "huaweicloud_identity_role.secmaster_policy",
            "huaweicloud_networking_secgroup.ecs_secmaster"
          ]
        }
      ]
    },
    {
      "mode": "managed",
      "type": "huaweicloud_identity_agency",
      "name": "secmaster_agent",
      "provider": "provider[\"registry.terraform.io/huaweicloud/huaweicloud\"]",
      "instances": [
        {
          "schema_version": 0,
          "attributes": {
            "all_resources_roles": null,
            "create_time": "2026-05-03T00:17:42.000000",
            "delegated_domain_name": null,
            "delegated_service_name": "op_svc_ecs",
            "description": "ECS Agency to enable SecMaster LogAudit Components Node Controller",
            "domain_roles": null,
            "duration": "FOREVER",
            "enable_force_new": null,
            "enterprise_project_roles": [],
            "expire_time": "",
            "force_dissociate_v5_policies": false,
            "id": "019deb32b2d175e1a40e2d9397abcb04",
            "name": "secmaster-agent",
            "project_role": [
              {
                "project": "sa-brazil-1",
                "roles": [
                  "secmaster-agent-policy"
                ]
              }
            ],
            "timeouts": null
          },
          "sensitive_attributes": [],
          "identity_schema_version": 0,
          "private": "eyJlMmJmYjczMC1lY2FhLTExZTYtOGY4OC0zNDM2M2JjN2M0YzAiOnsiZGVsZXRlIjo2MDAwMDAwMDAwMCwicmVhZCI6MTIwMDAwMDAwMDAwLCJ1cGRhdGUiOjYwMDAwMDAwMDAwfX0=",
          "dependencies": [
            "huaweicloud_identity_role.secmaster_policy"
          ]
        }
      ]
    },
    {
      "mode": "managed",
      "type": "huaweicloud_identity_role",
      "name": "secmaster_policy",
      "provider": "provider[\"registry.terraform.io/huaweicloud/huaweicloud\"]",
      "instances": [
        {
          "schema_version": 0,
          "attributes": {
            "description": "Custom policy to authorize SecMaster agent actions",
            "id": "019deb32a41f763f9e51b32173589d49",
            "name": "secmaster-agent-policy",
            "policy": "{\"Version\":\"1.1\",\"Statement\":[{\"Action\":[\"secmaster:workspace:get\",\"secmaster:node:create\",\"secmaster:node:monitor\",\"secmaster:node:taskQueueDetail\",\"secmaster:node:updateTaskNodeStatus\"],\"Effect\":\"Allow\"}]}",
            "references": 0,
            "type": "AX"
          },
          "sensitive_attributes": [],
          "identity_schema_version": 0,
          "private": "bnVsbA=="
        }
      ]
    },
    {
      "mode": "managed",
      "type": "huaweicloud_networking_secgroup",
      "name": "ecs_secmaster",
      "provider": "provider[\"registry.terraform.io/huaweicloud/huaweicloud\"]",
      "instances": [
        {
          "schema_version": 0,
          "attributes": {
            "created_at": "2026-05-03T00:17:37Z",
            "delete_default_rules": true,
            "description": "",
            "enterprise_project_id": "0",
            "id": "0a6483b1-05e5-4d2f-bf6b-ba06b8cdca77",
            "name": "sg-ecs-secmaster-01",
            "region": "sa-brazil-1",
            "rules": [],
            "tags": {},
            "timeouts": null,
            "updated_at": "2026-05-03T00:17:37Z"
          },
          "sensitive_attributes": [],
          "identity_schema_version": 0,
          "private": "eyJlMmJmYjczMC1lY2FhLTExZTYtOGY4OC0zNDM2M2JjN2M0YzAiOnsiZGVsZXRlIjo2MDAwMDAwMDAwMDB9fQ=="
        }
      ]
    },
    {
      "mode": "managed",
      "type": "huaweicloud_networking_secgroup_rule",
      "name": "egress",
      "provider": "provider[\"registry.terraform.io/huaweicloud/huaweicloud\"]",
      "instances": [
        {
          "schema_version": 0,
          "attributes": {
            "action": "allow",
            "description": "Allow all outbound traffic",
            "direction": "egress",
            "ethertype": "IPv4",
            "id": "ec12d4f0-f5de-4b4e-b92c-95b9390263e1",
            "port_range_max": 0,
            "port_range_min": 0,
            "ports": "",
            "priority": 1,
            "protocol": "",
            "region": "sa-brazil-1",
            "remote_address_group_id": "",
            "remote_group_id": "",
            "remote_ip_prefix": "",
            "security_group_id": "0a6483b1-05e5-4d2f-bf6b-ba06b8cdca77",
            "timeouts": null
          },
          "sensitive_attributes": [],
          "identity_schema_version": 0,
          "private": "eyJlMmJmYjczMC1lY2FhLTExZTYtOGY4OC0zNDM2M2JjN2M0YzAiOnsiZGVsZXRlIjo2MDAwMDAwMDAwMDB9fQ==",
          "dependencies": [
            "huaweicloud_networking_secgroup.ecs_secmaster"
          ]
        }
      ]
    },
    {
      "mode": "managed",
      "type": "huaweicloud_networking_secgroup_rule",
      "name": "ingress_10",
      "provider": "provider[\"registry.terraform.io/huaweicloud/huaweicloud\"]",
      "instances": [
        {
          "schema_version": 0,
          "attributes": {
            "action": "allow",
            "description": "Allow VPC access",
            "direction": "ingress",
            "ethertype": "IPv4",
            "id": "9a469143-b6d9-4125-a417-5f8ce078d914",
            "port_range_max": 0,
            "port_range_min": 0,
            "ports": "",
            "priority": 1,
            "protocol": "",
            "region": "sa-brazil-1",
            "remote_address_group_id": "",
            "remote_group_id": "",
            "remote_ip_prefix": "10.0.0.0/8",
            "security_group_id": "0a6483b1-05e5-4d2f-bf6b-ba06b8cdca77",
            "timeouts": null
          },
          "sensitive_attributes": [],
          "identity_schema_version": 0,
          "private": "eyJlMmJmYjczMC1lY2FhLTExZTYtOGY4OC0zNDM2M2JjN2M0YzAiOnsiZGVsZXRlIjo2MDAwMDAwMDAwMDB9fQ==",
          "dependencies": [
            "huaweicloud_networking_secgroup.ecs_secmaster"
          ]
        }
      ]
    },
    {
      "mode": "managed",
      "type": "huaweicloud_networking_secgroup_rule",
      "name": "ingress_172",
      "provider": "provider[\"registry.terraform.io/huaweicloud/huaweicloud\"]",
      "instances": [
        {
          "schema_version": 0,
          "attributes": {
            "action": "allow",
            "description": "Allow private network access",
            "direction": "ingress",
            "ethertype": "IPv4",
            "id": "9cb4d16e-e8bb-4071-b9d8-ce4af5daa44b",
            "port_range_max": 0,
            "port_range_min": 0,
            "ports": "",
            "priority": 1,
            "protocol": "",
            "region": "sa-brazil-1",
            "remote_address_group_id": "",
            "remote_group_id": "",
            "remote_ip_prefix": "172.16.0.0/12",
            "security_group_id": "0a6483b1-05e5-4d2f-bf6b-ba06b8cdca77",
            "timeouts": null
          },
          "sensitive_attributes": [],
          "identity_schema_version": 0,
          "private": "eyJlMmJmYjczMC1lY2FhLTExZTYtOGY4OC0zNDM2M2JjN2M0YzAiOnsiZGVsZXRlIjo2MDAwMDAwMDAwMDB9fQ==",
          "dependencies": [
            "huaweicloud_networking_secgroup.ecs_secmaster"
          ]
        }
      ]
    },
    {
      "mode": "managed",
      "type": "huaweicloud_networking_secgroup_rule",
      "name": "ingress_ssh",
      "provider": "provider[\"registry.terraform.io/huaweicloud/huaweicloud\"]",
      "instances": [
        {
          "schema_version": 0,
          "attributes": {
            "action": "allow",
            "description": "Allow SSH access",
            "direction": "ingress",
            "ethertype": "IPv4",
            "id": "8106c2ee-da90-4a5a-b16a-5ca837a6b084",
            "port_range_max": 22,
            "port_range_min": 22,
            "ports": "22",
            "priority": 1,
            "protocol": "tcp",
            "region": "sa-brazil-1",
            "remote_address_group_id": "",
            "remote_group_id": "",
            "remote_ip_prefix": "0.0.0.0/0",
            "security_group_id": "0a6483b1-05e5-4d2f-bf6b-ba06b8cdca77",
            "timeouts": null
          },
          "sensitive_attributes": [],
          "identity_schema_version": 0,
          "private": "eyJlMmJmYjczMC1lY2FhLTExZTYtOGY4OC0zNDM2M2JjN2M0YzAiOnsiZGVsZXRlIjo2MDAwMDAwMDAwMDB9fQ==",
          "dependencies": [
            "huaweicloud_networking_secgroup.ecs_secmaster"
          ]
        }
      ]
    },
    {
      "mode": "managed",
      "type": "huaweicloud_vpc_eip",
      "name": "ecs_eip",
      "provider": "provider[\"registry.terraform.io/huaweicloud/huaweicloud\"]",
      "instances": [
        {
          "schema_version": 0,
          "attributes": {
            "address": "119.8.85.123",
            "associate_id": "",
            "associate_type": "",
            "auto_pay": null,
            "auto_renew": null,
            "bandwidth": [
              {
                "charge_mode": "traffic",
                "id": "ec5df8db-82ff-4ee9-acb2-286529f81af0",
                "name": "bw-ecs-secmaster",
                "share_type": "PER",
                "size": 100
              }
            ],
            "charging_mode": "postPaid",
            "created_at": "2026-05-03 00:17:38",
            "enterprise_project_id": "0",
            "id": "06afde0c-724c-4a08-8d4c-c77cc634d27d",
            "instance_id": "",
            "instance_type": "",
            "ipv6_address": "",
            "name": "eip-ecs-secmaster",
            "period": null,
            "period_unit": null,
            "port_id": "",
            "private_ip": "",
            "publicip": [
              {
                "ip_address": "119.8.85.123",
                "ip_version": 4,
                "port_id": "",
                "type": "5_bgp"
              }
            ],
            "region": "sa-brazil-1",
            "status": "UNBOUND",
            "tags": {},
            "timeouts": null,
            "updated_at": "2026-05-03T00:17:38Z"
          },
          "sensitive_attributes": [],
          "identity_schema_version": 0,
          "private": "eyJlMmJmYjczMC1lY2FhLTExZTYtOGY4OC0zNDM2M2JjN2M0YzAiOnsiY3JlYXRlIjo2MDAwMDAwMDAwMDAsImRlbGV0ZSI6MzAwMDAwMDAwMDAwLCJ1cGRhdGUiOjMwMDAwMDAwMDAwMH19"
        }
      ]
    },
    {
      "mode": "managed",
      "type": "huaweicloud_vpcep_endpoint",
      "name": "ecs_secmaster",
      "provider": "provider[\"registry.terraform.io/huaweicloud/huaweicloud\"]",
      "instances": [
        {
          "schema_version": 0,
          "attributes": {
            "description": "VPC Endpoint with Private Domain Name for ECS SecMaster",
            "enable_dns": true,
            "enable_whitelist": true,
            "id": "98d5baee-4080-436f-8a80-9f161be0b1a8",
            "ip_address": "10.0.0.182",
            "ip_version": "ipv4",
            "ipv6_address": "",
            "network_id": "499edbe4-6acb-4328-81a3-323786ccee55",
            "packet_id": 0,
            "policy_document": "null",
            "policy_statement": "null",
            "private_domain_name": "vpcep-98d5baee-4080-436f-8a80-9f161be0b1a8.sa-brazil-1.huaweicloud.com.",
            "region": "sa-brazil-1",
            "routetables": [],
            "service_id": "2e47504c-053d-4f89-9cfb-0aa090f8aae4",
            "service_name": "sa-brazil-1.2e47504c-053d-4f89-9cfb-0aa090f8aae4",
            "service_type": "interface",
            "status": "accepted",
            "tags": {},
            "timeouts": null,
            "vpc_id": "b3efc218-3ed1-4f93-b28e-8e799294ab12",
            "whitelist": [
              "10.0.0.0/24"
            ]
          },
          "sensitive_attributes": [],
          "identity_schema_version": 0,
          "private": "eyJlMmJmYjczMC1lY2FhLTExZTYtOGY4OC0zNDM2M2JjN2M0YzAiOnsiY3JlYXRlIjo2MDAwMDAwMDAwMDAsImRlbGV0ZSI6NjAwMDAwMDAwMDAwfX0=",
          "dependencies": [
            "data.huaweicloud_vpc.existing",
            "data.huaweicloud_vpc_subnet.existing"
          ]
        }
      ]
    }
  ],
  "check_results": null
}
